
Microsoft Visual Studio Solution File, Format Version 12.00
# Visual Studio Version 16
VisualStudioVersion = 16.0.31410.357
MinimumVisualStudioVersion = 10.0.40219.1
Project("{FAE04EC0-301F-11D3-BF4B-00C04F79EFBC}") = "VKPoster", "VKPoster\VKPoster.csproj", "{C0D79A12-2049-462E-A74B-9048318E1C05}"
EndProject
Project("{FAE04EC0-301F-11D3-BF4B-00C04F79EFBC}") = "VKPoster_GUI", "VKPoster_GUI\VKPoster_GUI.csproj", "{25C6F728-7941-4E28-8599-B002770F37CB}"
EndProject
Global
	GlobalSection(SolutionConfigurationPlatforms) = preSolution
		Debug|Any CPU = Debug|Any CPU
		Release|Any CPU = Release|Any CPU
	EndGlobalSection
	GlobalSection(ProjectConfigurationPlatforms) = postSolution
		{C0D79A12-2049-462E-A74B-9048318E1C05}.Debug|Any CPU.ActiveCfg = Debug|Any CPU
		{C0D79A12-2049-462E-A74B-9048318E1C05}.Debug|Any CPU.Build.0 = Debug|Any CPU
		{C0D79A12-2049-462E-A74B-9048318E1C05}.Release|Any CPU.ActiveCfg = Release|Any CPU
		{C0D79A12-2049-462E-A74B-9048318E1C05}.Release|Any CPU.Build.0 = Release|Any CPU
		{25C6F728-7941-4E28-8599-B002770F37CB}.Debug|Any CPU.ActiveCfg = Debug|Any CPU
		{25C6F728-7941-4E28-8599-B002770F37CB}.Debug|Any CPU.Build.0 = Debug|Any CPU
		{25C6F728-7941-4E28-8599-B002770F37CB}.Release|Any CPU.ActiveCfg = Release|Any CPU
		{25C6F728-7941-4E28-8599-B002770F37CB}.Release|Any CPU.Build.0 = Release|Any CPU
	EndGlobalSection
	GlobalSection(SolutionProperties) = preSolution
		HideSolutionNode = FALSE
	EndGlobalSection
	GlobalSection(ExtensibilityGlobals) = postSolution
		SolutionGuid = {72A920BB-CEA5-429B-A25B-F660B03D648F}
	EndGlobalSection
EndGlobal
